// !$*UTF8*$!
{
	archiveVersion = 1;
	classes = {
	};
	objectVersion = 46;
	objects = {

/* Begin PBXBuildFile section */
		0E999B5723DB0677009F5E56 /* libcrypto.a in Frameworks */ = {isa = PBXBuildFile; fileRef = 0E999B5623DB0677009F5E56 /* libcrypto.a */; };
		0E999B5923DB067A009F5E56 /* libssl.a in Frameworks */ = {isa = PBXBuildFile; fileRef = 0E999B5823DB067A009F5E56 /* libssl.a */; };
		0E999B5B23DB068C009F5E56 /* Foundation.framework in Frameworks */ = {isa = PBXBuildFile; fileRef = 0E999B5A23DB068C009F5E56 /* Foundation.framework */; };
		13B07FBC1A68108700A75B9A /* AppDelegate.m in Sources */ = {isa = PBXBuildFile; fileRef = 13B07FB01A68108700A75B9A /* AppDelegate.m */; };
		13B07FBD1A68108700A75B9A /* LaunchScreen.xib in Resources */ = {isa = PBXBuildFile; fileRef = 13B07FB11A68108700A75B9A /* LaunchScreen.xib */; };
		13B07FBF1A68108700A75B9A /* Images.xcassets in Resources */ = {isa = PBXBuildFile; fileRef = 13B07FB51A68108700A75B9A /* Images.xcassets */; };
		13B07FC11A68108700A75B9A /* main.m in Sources */ = {isa = PBXBuildFile; fileRef = 13B07FB71A68108700A75B9A /* main.m */; };
		1ED5FCFB23D997E7005CADDD /* retailUser.swift in Sources */ = {isa = PBXBuildFile; fileRef = 1ED5FCFA23D997E7005CADDD /* retailUser.swift */; };
		213799C21112456FB7BBF3C1 /* FontAwesome5_Brands.ttf in Resources */ = {isa = PBXBuildFile; fileRef = B903B715A1F64665BFB91D4F /* FontAwesome5_Brands.ttf */; };
		21DB290C2E5B4ABAA695F625 /* Octicons.ttf in Resources */ = {isa = PBXBuildFile; fileRef = 05C6E3319D424215AEE2387B /* Octicons.ttf */; };
		26C65742139D43E7B61ED307 /* FontAwesome5_Regular.ttf in Resources */ = {isa = PBXBuildFile; fileRef = E167C338A3B246D5ACFDED2F /* FontAwesome5_Regular.ttf */; };
		2BDACDFD640C45778794B726 /* AntDesign.ttf in Resources */ = {isa = PBXBuildFile; fileRef = B05439CF117748E49D66D7B9 /* AntDesign.ttf */; };
		3C134B8083E54F579191EA2C /* EvilIcons.ttf in Resources */ = {isa = PBXBuildFile; fileRef = FE58DA06777B4C39AED47427 /* EvilIcons.ttf */; };
		404BAAE4002AB52964E5F42F /* libPods-WalletRetailUser.a in Frameworks */ = {isa = PBXBuildFile; fileRef = BD742B8FC9D66E721A87A24A /* libPods-WalletRetailUser.a */; };
		4A7430B3DF02496DA6CE923C /* MaterialIcons.ttf in Resources */ = {isa = PBXBuildFile; fileRef = C8537A776D1E436E9AE77050 /* MaterialIcons.ttf */; };
		525074EA53FC41F286B66E36 /* Ionicons.ttf in Resources */ = {isa = PBXBuildFile; fileRef = 0685E1FA524E46B2ACDC10D0 /* Ionicons.ttf */; };
		54B61FBAD19C4BC7B1FDFBB4 /* Fontisto.ttf in Resources */ = {isa = PBXBuildFile; fileRef = E1ACF4B352084A829DD14CB8 /* Fontisto.ttf */; };
		5B61E9FF734541779FDFB38E /* SimpleLineIcons.ttf in Resources */ = {isa = PBXBuildFile; fileRef = 4178BCE233A443CDA1F3CB63 /* SimpleLineIcons.ttf */; };
		803A06630F404704B34121BD /* Zocial.ttf in Resources */ = {isa = PBXBuildFile; fileRef = 4189637E4D6E4C65BFC313C8 /* Zocial.ttf */; };
		89F4FE062AD44D7FA96C2EA3 /* MaterialCommunityIcons.ttf in Resources */ = {isa = PBXBuildFile; fileRef = 2FDDA8EED76F48F1AFF0DA57 /* MaterialCommunityIcons.ttf */; };
		9884C6ECC24846A596B2CE66 /* FontAwesome.ttf in Resources */ = {isa = PBXBuildFile; fileRef = 9B6076D346804797995E568E /* FontAwesome.ttf */; };
		9C6A47BAB4284C278A086553 /* Entypo.ttf in Resources */ = {isa = PBXBuildFile; fileRef = AEA6F8B1100745DEAFF38898 /* Entypo.ttf */; };
		AE305D6B2A354622B8C80BCD /* Feather.ttf in Resources */ = {isa = PBXBuildFile; fileRef = 1F8A45A562064B60B313CB42 /* Feather.ttf */; };
		F5328A38D40F4F5EADBAD088 /* FontAwesome5_Solid.ttf in Resources */ = {isa = PBXBuildFile; fileRef = 8B8F0C4858CB4D7A9D48304D /* FontAwesome5_Solid.ttf */; };
		F58AF12C0E184560AB1C7F71 /* Foundation.ttf in Resources */ = {isa = PBXBuildFile; fileRef = 8AEC25F18845489EA3A38B58 /* Foundation.ttf */; };
/* End PBXBuildFile section */

/* Begin PBXFileReference section */
		008F07F21AC5B25A0029DE68 /* main.jsbundle */ = {isa = PBXFileReference; fileEncoding = 4; lastKnownFileType = text; path = main.jsbundle; sourceTree = "<group>"; };
		00E356F11AD99517003FC87E /* Info.plist */ = {isa = PBXFileReference; lastKnownFileType = text.plist.xml; path = Info.plist; sourceTree = "<group>"; };
		00E356F21AD99517003FC87E /* WalletRetailUserTests.m */ = {isa = PBXFileReference; lastKnownFileType = sourcecode.c.objc; path = WalletRetailUserTests.m; sourceTree = "<group>"; };
		05C6E3319D424215AEE2387B /* Octicons.ttf */ = {isa = PBXFileReference; explicitFileType = undefined; fileEncoding = 9; includeInIndex = 0; lastKnownFileType = unknown; name = Octicons.ttf; path = "../node_modules/react-native-vector-icons/Fonts/Octicons.ttf"; sourceTree = "<group>"; };
		0685E1FA524E46B2ACDC10D0 /* Ionicons.ttf */ = {isa = PBXFileReference; explicitFileType = undefined; fileEncoding = 9; includeInIndex = 0; lastKnownFileType = unknown; name = Ionicons.ttf; path = "../node_modules/react-native-vector-icons/Fonts/Ionicons.ttf"; sourceTree = "<group>"; };
		0E00FE3B23E05CC7002BB131 /* OyeWallet.entitlements */ = {isa = PBXFileReference; lastKnownFileType = text.plist.entitlements; name = OyeWallet.entitlements; path = WalletRetailUser/OyeWallet.entitlements; sourceTree = "<group>"; };
		0E381AD123DC0DD9007353E7 /* OyeWalletDebug.entitlements */ = {isa = PBXFileReference; lastKnownFileType = text.plist.entitlements; name = OyeWalletDebug.entitlements; path = WalletRetailUser/OyeWalletDebug.entitlements; sourceTree = "<group>"; };
		0E999B5323DB05E5009F5E56 /* openssl_ios */ = {isa = PBXFileReference; lastKnownFileType = folder; path = openssl_ios; sourceTree = "<group>"; };
		0E999B5623DB0677009F5E56 /* libcrypto.a */ = {isa = PBXFileReference; lastKnownFileType = archive.ar; name = libcrypto.a; path = openssl_ios/lib/libcrypto.a; sourceTree = "<group>"; };
		0E999B5823DB067A009F5E56 /* libssl.a */ = {isa = PBXFileReference; lastKnownFileType = archive.ar; name = libssl.a; path = openssl_ios/lib/libssl.a; sourceTree = "<group>"; };
		0E999B5A23DB068C009F5E56 /* Foundation.framework */ = {isa = PBXFileReference; lastKnownFileType = wrapper.framework; name = Foundation.framework; path = System/Library/Frameworks/Foundation.framework; sourceTree = SDKROOT; };
		13B07F961A680F5B00A75B9A /* OyeWallet.app */ = {isa = PBXFileReference; explicitFileType = wrapper.application; includeInIndex = 0; path = OyeWallet.app; sourceTree = BUILT_PRODUCTS_DIR; };
		13B07FAF1A68108700A75B9A /* AppDelegate.h */ = {isa = PBXFileReference; fileEncoding = 4; lastKnownFileType = sourcecode.c.h; name = AppDelegate.h; path = WalletRetailUser/AppDelegate.h; sourceTree = "<group>"; };
		13B07FB01A68108700A75B9A /* AppDelegate.m */ = {isa = PBXFileReference; fileEncoding = 4; lastKnownFileType = sourcecode.c.objc; name = AppDelegate.m; path = WalletRetailUser/AppDelegate.m; sourceTree = "<group>"; };
		13B07FB21A68108700A75B9A /* Base */ = {isa = PBXFileReference; lastKnownFileType = file.xib; name = Base; path = Base.lproj/LaunchScreen.xib; sourceTree = "<group>"; };
		13B07FB51A68108700A75B9A /* Images.xcassets */ = {isa = PBXFileReference; lastKnownFileType = folder.assetcatalog; name = Images.xcassets; path = WalletRetailUser/Images.xcassets; sourceTree = "<group>"; };
		13B07FB61A68108700A75B9A /* Info.plist */ = {isa = PBXFileReference; fileEncoding = 4; lastKnownFileType = text.plist.xml; name = Info.plist; path = WalletRetailUser/Info.plist; sourceTree = "<group>"; };
		13B07FB71A68108700A75B9A /* main.m */ = {isa = PBXFileReference; fileEncoding = 4; lastKnownFileType = sourcecode.c.objc; name = main.m; path = WalletRetailUser/main.m; sourceTree = "<group>"; };
		1ED5FCF923D997E7005CADDD /* WalletRetailUser-Bridging-Header.h */ = {isa = PBXFileReference; lastKnownFileType = sourcecode.c.h; path = "WalletRetailUser-Bridging-Header.h"; sourceTree = "<group>"; };
		1ED5FCFA23D997E7005CADDD /* retailUser.swift */ = {isa = PBXFileReference; lastKnownFileType = sourcecode.swift; path = retailUser.swift; sourceTree = "<group>"; };
		1F8A45A562064B60B313CB42 /* Feather.ttf */ = {isa = PBXFileReference; explicitFileType = undefined; fileEncoding = 9; includeInIndex = 0; lastKnownFileType = unknown; name = Feather.ttf; path = "../node_modules/react-native-vector-icons/Fonts/Feather.ttf"; sourceTree = "<group>"; };
		205C2E3190BD26979D992690 /* Pods-WalletRetailUser.debug.xcconfig */ = {isa = PBXFileReference; includeInIndex = 1; lastKnownFileType = text.xcconfig; name = "Pods-WalletRetailUser.debug.xcconfig"; path = "Target Support Files/Pods-WalletRetailUser/Pods-WalletRetailUser.debug.xcconfig"; sourceTree = "<group>"; };
		2BFEE5D432A971A5D250FB46 /* Pods-WalletRetailUser.release.xcconfig */ = {isa = PBXFileReference; includeInIndex = 1; lastKnownFileType = text.xcconfig; name = "Pods-WalletRetailUser.release.xcconfig"; path = "Target Support Files/Pods-WalletRetailUser/Pods-WalletRetailUser.release.xcconfig"; sourceTree = "<group>"; };
		2FDDA8EED76F48F1AFF0DA57 /* MaterialCommunityIcons.ttf */ = {isa = PBXFileReference; explicitFileType = undefined; fileEncoding = 9; includeInIndex = 0; lastKnownFileType = unknown; name = MaterialCommunityIcons.ttf; path = "../node_modules/react-native-vector-icons/Fonts/MaterialCommunityIcons.ttf"; sourceTree = "<group>"; };
		30E82BF052D224BC1368B615 /* libPods-WalletRetailUserTests.a */ = {isa = PBXFileReference; explicitFileType = archive.ar; includeInIndex = 0; path = "libPods-WalletRetailUserTests.a"; sourceTree = BUILT_PRODUCTS_DIR; };
		361971ABC2B4B08D9A3E2F17 /* Pods-WalletRetailUser-tvOSTests.debug.xcconfig */ = {isa = PBXFileReference; includeInIndex = 1; lastKnownFileType = text.xcconfig; name = "Pods-WalletRetailUser-tvOSTests.debug.xcconfig"; path = "Target Support Files/Pods-WalletRetailUser-tvOSTests/Pods-WalletRetailUser-tvOSTests.debug.xcconfig"; sourceTree = "<group>"; };
		4178BCE233A443CDA1F3CB63 /* SimpleLineIcons.ttf */ = {isa = PBXFileReference; explicitFileType = undefined; fileEncoding = 9; includeInIndex = 0; lastKnownFileType = unknown; name = SimpleLineIcons.ttf; path = "../node_modules/react-native-vector-icons/Fonts/SimpleLineIcons.ttf"; sourceTree = "<group>"; };
		4189637E4D6E4C65BFC313C8 /* Zocial.ttf */ = {isa = PBXFileReference; explicitFileType = undefined; fileEncoding = 9; includeInIndex = 0; lastKnownFileType = unknown; name = Zocial.ttf; path = "../node_modules/react-native-vector-icons/Fonts/Zocial.ttf"; sourceTree = "<group>"; };
		4372C87ECCF2C6EFE472267F /* Pods-WalletRetailUserTests.release.xcconfig */ = {isa = PBXFileReference; includeInIndex = 1; lastKnownFileType = text.xcconfig; name = "Pods-WalletRetailUserTests.release.xcconfig"; path = "Target Support Files/Pods-WalletRetailUserTests/Pods-WalletRetailUserTests.release.xcconfig"; sourceTree = "<group>"; };
		8AEC25F18845489EA3A38B58 /* Foundation.ttf */ = {isa = PBXFileReference; explicitFileType = undefined; fileEncoding = 9; includeInIndex = 0; lastKnownFileType = unknown; name = Foundation.ttf; path = "../node_modules/react-native-vector-icons/Fonts/Foundation.ttf"; sourceTree = "<group>"; };
		8B8F0C4858CB4D7A9D48304D /* FontAwesome5_Solid.ttf */ = {isa = PBXFileReference; explicitFileType = undefined; fileEncoding = 9; includeInIndex = 0; lastKnownFileType = unknown; name = FontAwesome5_Solid.ttf; path = "../node_modules/react-native-vector-icons/Fonts/FontAwesome5_Solid.ttf"; sourceTree = "<group>"; };
		8F2205DA44855EBB98E13B57 /* libPods-WalletRetailUser-tvOSTests.a */ = {isa = PBXFileReference; explicitFileType = archive.ar; includeInIndex = 0; path = "libPods-WalletRetailUser-tvOSTests.a"; sourceTree = BUILT_PRODUCTS_DIR; };
		9B6076D346804797995E568E /* FontAwesome.ttf */ = {isa = PBXFileReference; explicitFileType = undefined; fileEncoding = 9; includeInIndex = 0; lastKnownFileType = unknown; name = FontAwesome.ttf; path = "../node_modules/react-native-vector-icons/Fonts/FontAwesome.ttf"; sourceTree = "<group>"; };
		9C93D5DB2156D73E02FA3334 /* libPods-WalletRetailUser-tvOS.a */ = {isa = PBXFileReference; explicitFileType = archive.ar; includeInIndex = 0; path = "libPods-WalletRetailUser-tvOS.a"; sourceTree = BUILT_PRODUCTS_DIR; };
		AEA6F8B1100745DEAFF38898 /* Entypo.ttf */ = {isa = PBXFileReference; explicitFileType = undefined; fileEncoding = 9; includeInIndex = 0; lastKnownFileType = unknown; name = Entypo.ttf; path = "../node_modules/react-native-vector-icons/Fonts/Entypo.ttf"; sourceTree = "<group>"; };
		B05439CF117748E49D66D7B9 /* AntDesign.ttf */ = {isa = PBXFileReference; explicitFileType = undefined; fileEncoding = 9; includeInIndex = 0; lastKnownFileType = unknown; name = AntDesign.ttf; path = "../node_modules/react-native-vector-icons/Fonts/AntDesign.ttf"; sourceTree = "<group>"; };
		B903B715A1F64665BFB91D4F /* FontAwesome5_Brands.ttf */ = {isa = PBXFileReference; explicitFileType = undefined; fileEncoding = 9; includeInIndex = 0; lastKnownFileType = unknown; name = FontAwesome5_Brands.ttf; path = "../node_modules/react-native-vector-icons/Fonts/FontAwesome5_Brands.ttf"; sourceTree = "<group>"; };
		BD742B8FC9D66E721A87A24A /* libPods-WalletRetailUser.a */ = {isa = PBXFileReference; explicitFileType = archive.ar; includeInIndex = 0; path = "libPods-WalletRetailUser.a"; sourceTree = BUILT_PRODUCTS_DIR; };
		C8537A776D1E436E9AE77050 /* MaterialIcons.ttf */ = {isa = PBXFileReference; explicitFileType = undefined; fileEncoding = 9; includeInIndex = 0; lastKnownFileType = unknown; name = MaterialIcons.ttf; path = "../node_modules/react-native-vector-icons/Fonts/MaterialIcons.ttf"; sourceTree = "<group>"; };
		DE018EC71C83410A16CC5C3F /* Pods-WalletRetailUserTests.debug.xcconfig */ = {isa = PBXFileReference; includeInIndex = 1; lastKnownFileType = text.xcconfig; name = "Pods-WalletRetailUserTests.debug.xcconfig"; path = "Target Support Files/Pods-WalletRetailUserTests/Pods-WalletRetailUserTests.debug.xcconfig"; sourceTree = "<group>"; };
		DE70730741C5D15835D389CC /* Pods-WalletRetailUser-tvOS.debug.xcconfig */ = {isa = PBXFileReference; includeInIndex = 1; lastKnownFileType = text.xcconfig; name = "Pods-WalletRetailUser-tvOS.debug.xcconfig"; path = "Target Support Files/Pods-WalletRetailUser-tvOS/Pods-WalletRetailUser-tvOS.debug.xcconfig"; sourceTree = "<group>"; };
		E0EC010C938BBD1F97755265 /* Pods-WalletRetailUser-tvOS.release.xcconfig */ = {isa = PBXFileReference; includeInIndex = 1; lastKnownFileType = text.xcconfig; name = "Pods-WalletRetailUser-tvOS.release.xcconfig"; path = "Target Support Files/Pods-WalletRetailUser-tvOS/Pods-WalletRetailUser-tvOS.release.xcconfig"; sourceTree = "<group>"; };
		E167C338A3B246D5ACFDED2F /* FontAwesome5_Regular.ttf */ = {isa = PBXFileReference; explicitFileType = undefined; fileEncoding = 9; includeInIndex = 0; lastKnownFileType = unknown; name = FontAwesome5_Regular.ttf; path = "../node_modules/react-native-vector-icons/Fonts/FontAwesome5_Regular.ttf"; sourceTree = "<group>"; };
		E1ACF4B352084A829DD14CB8 /* Fontisto.ttf */ = {isa = PBXFileReference; explicitFileType = undefined; fileEncoding = 9; includeInIndex = 0; lastKnownFileType = unknown; name = Fontisto.ttf; path = "../node_modules/react-native-vector-icons/Fonts/Fontisto.ttf"; sourceTree = "<group>"; };
		ED297162215061F000B7C4FE /* JavaScriptCore.framework */ = {isa = PBXFileReference; lastKnownFileType = wrapper.framework; name = JavaScriptCore.framework; path = System/Library/Frameworks/JavaScriptCore.framework; sourceTree = SDKROOT; };
		ED2971642150620600B7C4FE /* JavaScriptCore.framework */ = {isa = PBXFileReference; lastKnownFileType = wrapper.framework; name = JavaScriptCore.framework; path = Platforms/AppleTVOS.platform/Developer/SDKs/AppleTVOS12.0.sdk/System/Library/Frameworks/JavaScriptCore.framework; sourceTree = DEVELOPER_DIR; };
		F78362B1F7EF73C7951EE2A1 /* Pods-WalletRetailUser-tvOSTests.release.xcconfig */ = {isa = PBXFileReference; includeInIndex = 1; lastKnownFileType = text.xcconfig; name = "Pods-WalletRetailUser-tvOSTests.release.xcconfig"; path = "Target Support Files/Pods-WalletRetailUser-tvOSTests/Pods-WalletRetailUser-tvOSTests.release.xcconfig"; sourceTree = "<group>"; };
		FE58DA06777B4C39AED47427 /* EvilIcons.ttf */ = {isa = PBXFileReference; explicitFileType = undefined; fileEncoding = 9; includeInIndex = 0; lastKnownFileType = unknown; name = EvilIcons.ttf; path = "../node_modules/react-native-vector-icons/Fonts/EvilIcons.ttf"; sourceTree = "<group>"; };
/* End PBXFileReference section */

/* Begin PBXFrameworksBuildPhase section */
		13B07F8C1A680F5B00A75B9A /* Frameworks */ = {
			isa = PBXFrameworksBuildPhase;
			buildActionMask = 2147483647;
			files = (
				0E999B5B23DB068C009F5E56 /* Foundation.framework in Frameworks */,
				0E999B5723DB0677009F5E56 /* libcrypto.a in Frameworks */,
				404BAAE4002AB52964E5F42F /* libPods-WalletRetailUser.a in Frameworks */,
				0E999B5923DB067A009F5E56 /* libssl.a in Frameworks */,
			);
			runOnlyForDeploymentPostprocessing = 0;
		};
/* End PBXFrameworksBuildPhase section */

/* Begin PBXGroup section */
		00E356EF1AD99517003FC87E /* WalletRetailUserTests */ = {
			isa = PBXGroup;
			children = (
				00E356F21AD99517003FC87E /* WalletRetailUserTests.m */,
				00E356F01AD99517003FC87E /* Supporting Files */,
			);
			path = WalletRetailUserTests;
			sourceTree = "<group>";
		};
		00E356F01AD99517003FC87E /* Supporting Files */ = {
			isa = PBXGroup;
			children = (
				00E356F11AD99517003FC87E /* Info.plist */,
			);
			name = "Supporting Files";
			sourceTree = "<group>";
		};
		13B07FAE1A68108700A75B9A /* WalletRetailUser */ = {
			isa = PBXGroup;
			children = (
				0E00FE3B23E05CC7002BB131 /* OyeWallet.entitlements */,
				0E381AD123DC0DD9007353E7 /* OyeWalletDebug.entitlements */,
				008F07F21AC5B25A0029DE68 /* main.jsbundle */,
				13B07FAF1A68108700A75B9A /* AppDelegate.h */,
				13B07FB01A68108700A75B9A /* AppDelegate.m */,
				13B07FB51A68108700A75B9A /* Images.xcassets */,
				13B07FB61A68108700A75B9A /* Info.plist */,
				13B07FB11A68108700A75B9A /* LaunchScreen.xib */,
				13B07FB71A68108700A75B9A /* main.m */,
			);
			name = WalletRetailUser;
			sourceTree = "<group>";
		};
		1ED5FCFC23D99A65005CADDD /* Recovered References */ = {
			isa = PBXGroup;
			children = (
			);
			name = "Recovered References";
			sourceTree = "<group>";
		};
		2D16E6871FA4F8E400B85C8A /* Frameworks */ = {
			isa = PBXGroup;
			children = (
				0E999B5A23DB068C009F5E56 /* Foundation.framework */,
				0E999B5323DB05E5009F5E56 /* openssl_ios */,
				0E999B5623DB0677009F5E56 /* libcrypto.a */,
				0E999B5823DB067A009F5E56 /* libssl.a */,
				ED297162215061F000B7C4FE /* JavaScriptCore.framework */,
				ED2971642150620600B7C4FE /* JavaScriptCore.framework */,
				BD742B8FC9D66E721A87A24A /* libPods-WalletRetailUser.a */,
				9C93D5DB2156D73E02FA3334 /* libPods-WalletRetailUser-tvOS.a */,
				8F2205DA44855EBB98E13B57 /* libPods-WalletRetailUser-tvOSTests.a */,
				30E82BF052D224BC1368B615 /* libPods-WalletRetailUserTests.a */,
			);
			name = Frameworks;
			sourceTree = "<group>";
		};
		832341AE1AAA6A7D00B99B32 /* Libraries */ = {
			isa = PBXGroup;
			children = (
			);
			name = Libraries;
			sourceTree = "<group>";
		};
		83CBB9F61A601CBA00E9B192 = {
			isa = PBXGroup;
			children = (
				1ED5FCFA23D997E7005CADDD /* retailUser.swift */,
				13B07FAE1A68108700A75B9A /* WalletRetailUser */,
				832341AE1AAA6A7D00B99B32 /* Libraries */,
				00E356EF1AD99517003FC87E /* WalletRetailUserTests */,
				83CBBA001A601CBA00E9B192 /* Products */,
				2D16E6871FA4F8E400B85C8A /* Frameworks */,
				F09977C93F874F1884035F37 /* Resources */,
				98CD894B34E4A8D47E21D539 /* Pods */,
				1ED5FCF923D997E7005CADDD /* WalletRetailUser-Bridging-Header.h */,
				1ED5FCFC23D99A65005CADDD /* Recovered References */,
			);
			indentWidth = 2;
			sourceTree = "<group>";
			tabWidth = 2;
			usesTabs = 0;
		};
		83CBBA001A601CBA00E9B192 /* Products */ = {
			isa = PBXGroup;
			children = (
				13B07F961A680F5B00A75B9A /* OyeWallet.app */,
			);
			name = Products;
			sourceTree = "<group>";
		};
		98CD894B34E4A8D47E21D539 /* Pods */ = {
			isa = PBXGroup;
			children = (
				205C2E3190BD26979D992690 /* Pods-WalletRetailUser.debug.xcconfig */,
				2BFEE5D432A971A5D250FB46 /* Pods-WalletRetailUser.release.xcconfig */,
				DE70730741C5D15835D389CC /* Pods-WalletRetailUser-tvOS.debug.xcconfig */,
				E0EC010C938BBD1F97755265 /* Pods-WalletRetailUser-tvOS.release.xcconfig */,
				361971ABC2B4B08D9A3E2F17 /* Pods-WalletRetailUser-tvOSTests.debug.xcconfig */,
				F78362B1F7EF73C7951EE2A1 /* Pods-WalletRetailUser-tvOSTests.release.xcconfig */,
				DE018EC71C83410A16CC5C3F /* Pods-WalletRetailUserTests.debug.xcconfig */,
				4372C87ECCF2C6EFE472267F /* Pods-WalletRetailUserTests.release.xcconfig */,
			);
			path = Pods;
			sourceTree = "<group>";
		};
		F09977C93F874F1884035F37 /* Resources */ = {
			isa = PBXGroup;
			children = (
				B05439CF117748E49D66D7B9 /* AntDesign.ttf */,
				AEA6F8B1100745DEAFF38898 /* Entypo.ttf */,
				FE58DA06777B4C39AED47427 /* EvilIcons.ttf */,
				1F8A45A562064B60B313CB42 /* Feather.ttf */,
				9B6076D346804797995E568E /* FontAwesome.ttf */,
				B903B715A1F64665BFB91D4F /* FontAwesome5_Brands.ttf */,
				E167C338A3B246D5ACFDED2F /* FontAwesome5_Regular.ttf */,
				8B8F0C4858CB4D7A9D48304D /* FontAwesome5_Solid.ttf */,
				E1ACF4B352084A829DD14CB8 /* Fontisto.ttf */,
				8AEC25F18845489EA3A38B58 /* Foundation.ttf */,
				0685E1FA524E46B2ACDC10D0 /* Ionicons.ttf */,
				2FDDA8EED76F48F1AFF0DA57 /* MaterialCommunityIcons.ttf */,
				C8537A776D1E436E9AE77050 /* MaterialIcons.ttf */,
				05C6E3319D424215AEE2387B /* Octicons.ttf */,
				4178BCE233A443CDA1F3CB63 /* SimpleLineIcons.ttf */,
				4189637E4D6E4C65BFC313C8 /* Zocial.ttf */,
			);
			name = Resources;
			sourceTree = "<group>";
		};
/* End PBXGroup section */

/* Begin PBXNativeTarget section */
		13B07F861A680F5B00A75B9A /* WalletRetailUser */ = {
			isa = PBXNativeTarget;
			buildConfigurationList = 13B07F931A680F5B00A75B9A /* Build configuration list for PBXNativeTarget "WalletRetailUser" */;
			buildPhases = (
				EDE959C799A14AB45C692EED /* [CP] Check Pods Manifest.lock */,
				FD10A7F022414F080027D42C /* Start Packager */,
				13B07F871A680F5B00A75B9A /* Sources */,
				13B07F8C1A680F5B00A75B9A /* Frameworks */,
				13B07F8E1A680F5B00A75B9A /* Resources */,
				00DD1BFF1BD5951E006B06BC /* Bundle React Native code and images */,
				B048AA2F9227996762AE2E89 /* [CP] Copy Pods Resources */,
			);
			buildRules = (
			);
			dependencies = (
			);
			name = WalletRetailUser;
			productName = WalletRetailUser;
			productReference = 13B07F961A680F5B00A75B9A /* OyeWallet.app */;
			productType = "com.apple.product-type.application";
		};
/* End PBXNativeTarget section */

/* Begin PBXProject section */
		83CBB9F71A601CBA00E9B192 /* Project object */ = {
			isa = PBXProject;
			attributes = {
				LastUpgradeCheck = 940;
				ORGANIZATIONNAME = Facebook;
				TargetAttributes = {
					13B07F861A680F5B00A75B9A = {
						DevelopmentTeam = K5NJYU4T6K;
						LastSwiftMigration = 1130;
						ProvisioningStyle = Manual;
					};
				};
			};
			buildConfigurationList = 83CBB9FA1A601CBA00E9B192 /* Build configuration list for PBXProject "WalletRetailUser" */;
			compatibilityVersion = "Xcode 3.2";
			developmentRegion = English;
			hasScannedForEncodings = 0;
			knownRegions = (
				English,
				en,
				Base,
			);
			mainGroup = 83CBB9F61A601CBA00E9B192;
			productRefGroup = 83CBBA001A601CBA00E9B192 /* Products */;
			projectDirPath = "";
			projectRoot = "";
			targets = (
				13B07F861A680F5B00A75B9A /* WalletRetailUser */,
			);
		};
/* End PBXProject section */

/* Begin PBXResourcesBuildPhase section */
		13B07F8E1A680F5B00A75B9A /* Resources */ = {
			isa = PBXResourcesBuildPhase;
			buildActionMask = 2147483647;
			files = (
				13B07FBF1A68108700A75B9A /* Images.xcassets in Resources */,
				13B07FBD1A68108700A75B9A /* LaunchScreen.xib in Resources */,
				2BDACDFD640C45778794B726 /* AntDesign.ttf in Resources */,
				9C6A47BAB4284C278A086553 /* Entypo.ttf in Resources */,
				3C134B8083E54F579191EA2C /* EvilIcons.ttf in Resources */,
				AE305D6B2A354622B8C80BCD /* Feather.ttf in Resources */,
				9884C6ECC24846A596B2CE66 /* FontAwesome.ttf in Resources */,
				213799C21112456FB7BBF3C1 /* FontAwesome5_Brands.ttf in Resources */,
				26C65742139D43E7B61ED307 /* FontAwesome5_Regular.ttf in Resources */,
				F5328A38D40F4F5EADBAD088 /* FontAwesome5_Solid.ttf in Resources */,
				54B61FBAD19C4BC7B1FDFBB4 /* Fontisto.ttf in Resources */,
				F58AF12C0E184560AB1C7F71 /* Foundation.ttf in Resources */,
				525074EA53FC41F286B66E36 /* Ionicons.ttf in Resources */,
				89F4FE062AD44D7FA96C2EA3 /* MaterialCommunityIcons.ttf in Resources */,
				4A7430B3DF02496DA6CE923C /* MaterialIcons.ttf in Resources */,
				21DB290C2E5B4ABAA695F625 /* Octicons.ttf in Resources */,
				5B61E9FF734541779FDFB38E /* SimpleLineIcons.ttf in Resources */,
				803A06630F404704B34121BD /* Zocial.ttf in Resources */,
			);
			runOnlyForDeploymentPostprocessing = 0;
		};
/* End PBXResourcesBuildPhase section */

/* Begin PBXShellScriptBuildPhase section */
		00DD1BFF1BD5951E006B06BC /* Bundle React Native code and images */ = {
			isa = PBXShellScriptBuildPhase;
			buildActionMask = 2147483647;
			files = (
			);
			inputPaths = (
			);
			name = "Bundle React Native code and images";
			outputPaths = (
			);
			runOnlyForDeploymentPostprocessing = 0;
			shellPath = /bin/sh;
			shellScript = "export NODE_BINARY=node\n../node_modules/react-native/scripts/react-native-xcode.sh\n";
		};
		B048AA2F9227996762AE2E89 /* [CP] Copy Pods Resources */ = {
			isa = PBXShellScriptBuildPhase;
			buildActionMask = 2147483647;
			files = (
			);
			inputPaths = (
				"${PODS_ROOT}/Target Support Files/Pods-WalletRetailUser/Pods-WalletRetailUser-resources.sh",
				"${PODS_ROOT}/../../node_modules/react-native-vector-icons/Fonts/AntDesign.ttf",
				"${PODS_ROOT}/../../node_modules/react-native-vector-icons/Fonts/Entypo.ttf",
				"${PODS_ROOT}/../../node_modules/react-native-vector-icons/Fonts/EvilIcons.ttf",
				"${PODS_ROOT}/../../node_modules/react-native-vector-icons/Fonts/Feather.ttf",
				"${PODS_ROOT}/../../node_modules/react-native-vector-icons/Fonts/FontAwesome.ttf",
				"${PODS_ROOT}/../../node_modules/react-native-vector-icons/Fonts/FontAwesome5_Brands.ttf",
				"${PODS_ROOT}/../../node_modules/react-native-vector-icons/Fonts/FontAwesome5_Regular.ttf",
				"${PODS_ROOT}/../../node_modules/react-native-vector-icons/Fonts/FontAwesome5_Solid.ttf",
				"${PODS_ROOT}/../../node_modules/react-native-vector-icons/Fonts/Fontisto.ttf",
				"${PODS_ROOT}/../../node_modules/react-native-vector-icons/Fonts/Foundation.ttf",
				"${PODS_ROOT}/../../node_modules/react-native-vector-icons/Fonts/Ionicons.ttf",
				"${PODS_ROOT}/../../node_modules/react-native-vector-icons/Fonts/MaterialCommunityIcons.ttf",
				"${PODS_ROOT}/../../node_modules/react-native-vector-icons/Fonts/MaterialIcons.ttf",
				"${PODS_ROOT}/../../node_modules/react-native-vector-icons/Fonts/Octicons.ttf",
				"${PODS_ROOT}/../../node_modules/react-native-vector-icons/Fonts/SimpleLineIcons.ttf",
				"${PODS_ROOT}/../../node_modules/react-native-vector-icons/Fonts/Zocial.ttf",
			);
			name = "[CP] Copy Pods Resources";
			outputPaths = (
				"${TARGET_BUILD_DIR}/${UNLOCALIZED_RESOURCES_FOLDER_PATH}/AntDesign.ttf",
				"${TARGET_BUILD_DIR}/${UNLOCALIZED_RESOURCES_FOLDER_PATH}/Entypo.ttf",
				"${TARGET_BUILD_DIR}/${UNLOCALIZED_RESOURCES_FOLDER_PATH}/EvilIcons.ttf",
				"${TARGET_BUILD_DIR}/${UNLOCALIZED_RESOURCES_FOLDER_PATH}/Feather.ttf",
				"${TARGET_BUILD_DIR}/${UNLOCALIZED_RESOURCES_FOLDER_PATH}/FontAwesome.ttf",
				"${TARGET_BUILD_DIR}/${UNLOCALIZED_RESOURCES_FOLDER_PATH}/FontAwesome5_Brands.ttf",
				"${TARGET_BUILD_DIR}/${UNLOCALIZED_RESOURCES_FOLDER_PATH}/FontAwesome5_Regular.ttf",
				"${TARGET_BUILD_DIR}/${UNLOCALIZED_RESOURCES_FOLDER_PATH}/FontAwesome5_Solid.ttf",
				"${TARGET_BUILD_DIR}/${UNLOCALIZED_RESOURCES_FOLDER_PATH}/Fontisto.ttf",
				"${TARGET_BUILD_DIR}/${UNLOCALIZED_RESOURCES_FOLDER_PATH}/Foundation.ttf",
				"${TARGET_BUILD_DIR}/${UNLOCALIZED_RESOURCES_FOLDER_PATH}/Ionicons.ttf",
				"${TARGET_BUILD_DIR}/${UNLOCALIZED_RESOURCES_FOLDER_PATH}/MaterialCommunityIcons.ttf",
				"${TARGET_BUILD_DIR}/${UNLOCALIZED_RESOURCES_FOLDER_PATH}/MaterialIcons.ttf",
				"${TARGET_BUILD_DIR}/${UNLOCALIZED_RESOURCES_FOLDER_PATH}/Octicons.ttf",
				"${TARGET_BUILD_DIR}/${UNLOCALIZED_RESOURCES_FOLDER_PATH}/SimpleLineIcons.ttf",
				"${TARGET_BUILD_DIR}/${UNLOCALIZED_RESOURCES_FOLDER_PATH}/Zocial.ttf",
			);
			runOnlyForDeploymentPostprocessing = 0;
			shellPath = /bin/sh;
			shellScript = "\"${PODS_ROOT}/Target Support Files/Pods-WalletRetailUser/Pods-WalletRetailUser-resources.sh\"\n";
			showEnvVarsInLog = 0;
		};
		EDE959C799A14AB45C692EED /* [CP] Check Pods Manifest.lock */ = {
			isa = PBXShellScriptBuildPhase;
			buildActionMask = 2147483647;
			files = (
			);
			inputFileListPaths = (
			);
			inputPaths = (
				"${PODS_PODFILE_DIR_PATH}/Podfile.lock",
				"${PODS_ROOT}/Manifest.lock",
			);
			name = "[CP] Check Pods Manifest.lock";
			outputFileListPaths = (
			);
			outputPaths = (
				"$(DERIVED_FILE_DIR)/Pods-WalletRetailUser-checkManifestLockResult.txt",
			);
			runOnlyForDeploymentPostprocessing = 0;
			shellPath = /bin/sh;
			shellScript = "diff \"${PODS_PODFILE_DIR_PATH}/Podfile.lock\" \"${PODS_ROOT}/Manifest.lock\" > /dev/null\nif [ $? != 0 ] ; then\n    # print error to STDERR\n    echo \"error: The sandbox is not in sync with the Podfile.lock. Run 'pod install' or update your CocoaPods installation.\" >&2\n    exit 1\nfi\n# This output is used by Xcode 'outputs' to avoid re-running this script phase.\necho \"SUCCESS\" > \"${SCRIPT_OUTPUT_FILE_0}\"\n";
			showEnvVarsInLog = 0;
		};
		FD10A7F022414F080027D42C /* Start Packager */ = {
			isa = PBXShellScriptBuildPhase;
			buildActionMask = 2147483647;
			files = (
			);
			inputFileListPaths = (
			);
			inputPaths = (
			);
			name = "Start Packager";
			outputFileListPaths = (
			);
			outputPaths = (
			);
			runOnlyForDeploymentPostprocessing = 0;
			shellPath = /bin/sh;
			shellScript = "export RCT_METRO_PORT=\"${RCT_METRO_PORT:=8081}\"\necho \"export RCT_METRO_PORT=${RCT_METRO_PORT}\" > \"${SRCROOT}/../node_modules/react-native/scripts/.packager.env\"\nif [ -z \"${RCT_NO_LAUNCH_PACKAGER+xxx}\" ] ; then\n  if nc -w 5 -z localhost ${RCT_METRO_PORT} ; then\n    if ! curl -s \"http://localhost:${RCT_METRO_PORT}/status\" | grep -q \"packager-status:running\" ; then\n      echo \"Port ${RCT_METRO_PORT} already in use, packager is either not running or not running correctly\"\n      exit 2\n    fi\n  else\n    open \"$SRCROOT/../node_modules/react-native/scripts/launchPackager.command\" || echo \"Can't start packager automatically\"\n  fi\nfi\n";
			showEnvVarsInLog = 0;
		};
/* End PBXShellScriptBuildPhase section */

/* Begin PBXSourcesBuildPhase section */
		13B07F871A680F5B00A75B9A /* Sources */ = {
			isa = PBXSourcesBuildPhase;
			buildActionMask = 2147483647;
			files = (
				13B07FBC1A68108700A75B9A /* AppDelegate.m in Sources */,
				13B07FC11A68108700A75B9A /* main.m in Sources */,
				1ED5FCFB23D997E7005CADDD /* retailUser.swift in Sources */,
			);
			runOnlyForDeploymentPostprocessing = 0;
		};
/* End PBXSourcesBuildPhase section */

/* Begin PBXVariantGroup section */
		13B07FB11A68108700A75B9A /* LaunchScreen.xib */ = {
			isa = PBXVariantGroup;
			children = (
				13B07FB21A68108700A75B9A /* Base */,
			);
			name = LaunchScreen.xib;
			path = WalletRetailUser;
			sourceTree = "<group>";
		};
/* End PBXVariantGroup section */

/* Begin XCBuildConfiguration section */
		13B07F941A680F5B00A75B9A /* Debug */ = {
			isa = XCBuildConfiguration;
			baseConfigurationReference = 205C2E3190BD26979D992690 /* Pods-WalletRetailUser.debug.xcconfig */;
			buildSettings = {
				ALWAYS_SEARCH_USER_PATHS = YES;
				ASSETCATALOG_COMPILER_APPICON_NAME = AppIcon;
				CLANG_ENABLE_MODULES = YES;
				CODE_SIGN_ENTITLEMENTS = WalletRetailUser/OyeWalletDebug.entitlements;
				CODE_SIGN_STYLE = Manual;
				CURRENT_PROJECT_VERSION = 7;
				DEAD_CODE_STRIPPING = NO;
				DEVELOPMENT_TEAM = K5NJYU4T6K;
				ENABLE_BITCODE = NO;
				HEADER_SEARCH_PATHS = (
					"$(inherited)",
					"$(SRCROOT)/../node_modules/react-native-local-auth",
					"$(SRCROOT)/../node_modules/react-native-passcode-status/ios",
					"$(SRCROOT)/../node_modules/react-native-local-auth",
				);
				INFOPLIST_FILE = WalletRetailUser/Info.plist;
				LD_RUNPATH_SEARCH_PATHS = "$(inherited) @executable_path/Frameworks";
				LIBRARY_SEARCH_PATHS = (
					"$(inherited)",
					/Users/anooj/openssl_ios/lib,
				);
				OTHER_LDFLAGS = (
					"$(inherited)",
					"-ObjC",
					"-lc++",
				);
				PRODUCT_BUNDLE_IDENTIFIER = com.oyewallet.consumer;
				PRODUCT_NAME = OyeWallet;
				PROVISIONING_PROFILE_SPECIFIER = ANOOJ_CONSUMER_DEV;
				SWIFT_OBJC_BRIDGING_HEADER = "WalletRetailUser-Bridging-Header.h";
				SWIFT_OPTIMIZATION_LEVEL = "-Onone";
				SWIFT_VERSION = 5.0;
				USER_HEADER_SEARCH_PATHS = /Users/anooj/openssl_ios/include;
				VERSIONING_SYSTEM = "apple-generic";
			};
			name = Debug;
		};
		13B07F951A680F5B00A75B9A /* Release */ = {
			isa = XCBuildConfiguration;
			baseConfigurationReference = 2BFEE5D432A971A5D250FB46 /* Pods-WalletRetailUser.release.xcconfig */;
			buildSettings = {
				ALWAYS_SEARCH_USER_PATHS = YES;
				ASSETCATALOG_COMPILER_APPICON_NAME = AppIcon;
				CLANG_ENABLE_MODULES = YES;
				CODE_SIGN_ENTITLEMENTS = WalletRetailUser/OyeWallet.entitlements;
				CODE_SIGN_IDENTITY = "iPhone Distribution";
				CODE_SIGN_STYLE = Manual;
				CURRENT_PROJECT_VERSION = 7;
				DEVELOPMENT_TEAM = K5NJYU4T6K;
				ENABLE_BITCODE = NO;
				HEADER_SEARCH_PATHS = (
					"$(inherited)",
					"$(SRCROOT)/../node_modules/react-native-local-auth",
					"$(SRCROOT)/../node_modules/react-native-passcode-status/ios",
					"$(SRCROOT)/../node_modules/react-native-local-auth",
				);
				INFOPLIST_FILE = WalletRetailUser/Info.plist;
				LD_RUNPATH_SEARCH_PATHS = "$(inherited) @executable_path/Frameworks";
				LIBRARY_SEARCH_PATHS = (
					"$(inherited)",
					/Users/anooj/openssl_ios/lib,
				);
				OTHER_LDFLAGS = (
					"$(inherited)",
					"-ObjC",
					"-lc++",
				);
				PRODUCT_BUNDLE_IDENTIFIER = com.oyewallet.consumer;
				PRODUCT_NAME = OyeWallet;
				PROVISIONING_PROFILE_SPECIFIER = ANOOJ_CONSUMER_RELEASE;
				SWIFT_OBJC_BRIDGING_HEADER = "WalletRetailUser-Bridging-Header.h";
				SWIFT_VERSION = 5.0;
				USER_HEADER_SEARCH_PATHS = /Users/anooj/openssl_ios/include;
				VERSIONING_SYSTEM = "apple-generic";
			};
			name = Release;
		};
		83CBBA201A601CBA00E9B192 /* Debug */ = {
			isa = XCBuildConfiguration;
			buildSettings = {
				ALWAYS_SEARCH_USER_PATHS = YES;
				CLANG_CXX_LANGUAGE_STANDARD = "gnu++0x";
				CLANG_CXX_LIBRARY = "libc++";
				CLANG_ENABLE_MODULES = YES;
				CLANG_ENABLE_OBJC_ARC = YES;
				CLANG_WARN_BLOCK_CAPTURE_AUTORELEASING = YES;
				CLANG_WARN_BOOL_CONVERSION = YES;
				CLANG_WARN_COMMA = YES;
				CLANG_WARN_CONSTANT_CONVERSION = YES;
				CLANG_WARN_DEPRECATED_OBJC_IMPLEMENTATIONS = YES;
				CLANG_WARN_DIRECT_OBJC_ISA_USAGE = YES_ERROR;
				CLANG_WARN_EMPTY_BODY = YES;
				CLANG_WARN_ENUM_CONVERSION = YES;
				CLANG_WARN_INFINITE_RECURSION = YES;
				CLANG_WARN_INT_CONVERSION = YES;
				CLANG_WARN_NON_LITERAL_NULL_CONVERSION = YES;
				CLANG_WARN_OBJC_IMPLICIT_RETAIN_SELF = YES;
				CLANG_WARN_OBJC_LITERAL_CONVERSION = YES;
				CLANG_WARN_OBJC_ROOT_CLASS = YES_ERROR;
				CLANG_WARN_RANGE_LOOP_ANALYSIS = YES;
				CLANG_WARN_STRICT_PROTOTYPES = YES;
				CLANG_WARN_SUSPICIOUS_MOVE = YES;
				CLANG_WARN_UNREACHABLE_CODE = YES;
				CLANG_WARN__DUPLICATE_METHOD_MATCH = YES;
				"CODE_SIGN_IDENTITY[sdk=iphoneos*]" = "iPhone Developer";
				COPY_PHASE_STRIP = NO;
				ENABLE_STRICT_OBJC_MSGSEND = YES;
				ENABLE_TESTABILITY = YES;
				GCC_C_LANGUAGE_STANDARD = gnu99;
				GCC_DYNAMIC_NO_PIC = NO;
				GCC_NO_COMMON_BLOCKS = YES;
				GCC_OPTIMIZATION_LEVEL = 0;
				GCC_PREPROCESSOR_DEFINITIONS = (
					"DEBUG=1",
					"$(inherited)",
				);
				GCC_SYMBOLS_PRIVATE_EXTERN = NO;
				GCC_WARN_64_TO_32_BIT_CONVERSION = YES;
				GCC_WARN_ABOUT_RETURN_TYPE = YES_ERROR;
				GCC_WARN_UNDECLARED_SELECTOR = YES;
				GCC_WARN_UNINITIALIZED_AUTOS = YES_AGGRESSIVE;
				GCC_WARN_UNUSED_FUNCTION = YES;
				GCC_WARN_UNUSED_VARIABLE = YES;
				IPHONEOS_DEPLOYMENT_TARGET = 9.0;
				LIBRARY_SEARCH_PATHS = /Users/anooj/openssl_ios/lib;
				MTL_ENABLE_DEBUG_INFO = YES;
				ONLY_ACTIVE_ARCH = YES;
				SDKROOT = iphoneos;
				USER_HEADER_SEARCH_PATHS = /Users/anooj/openssl_ios/include;
			};
			name = Debug;
		};
		83CBBA211A601CBA00E9B192 /* Release */ = {
			isa = XCBuildConfiguration;
			buildSettings = {
				ALWAYS_SEARCH_USER_PATHS = YES;
				CLANG_CXX_LANGUAGE_STANDARD = "gnu++0x";
				CLANG_CXX_LIBRARY = "libc++";
				CLANG_ENABLE_MODULES = YES;
				CLANG_ENABLE_OBJC_ARC = YES;
				CLANG_WARN_BLOCK_CAPTURE_AUTORELEASING = YES;
				CLANG_WARN_BOOL_CONVERSION = YES;
				CLANG_WARN_COMMA = YES;
				CLANG_WARN_CONSTANT_CONVERSION = YES;
				CLANG_WARN_DEPRECATED_OBJC_IMPLEMENTATIONS = YES;
				CLANG_WARN_DIRECT_OBJC_ISA_USAGE = YES_ERROR;
				CLANG_WARN_EMPTY_BODY = YES;
				CLANG_WARN_ENUM_CONVERSION = YES;
				CLANG_WARN_INFINITE_RECURSION = YES;
				CLANG_WARN_INT_CONVERSION = YES;
				CLANG_WARN_NON_LITERAL_NULL_CONVERSION = YES;
				CLANG_WARN_OBJC_IMPLICIT_RETAIN_SELF = YES;
				CLANG_WARN_OBJC_LITERAL_CONVERSION = YES;
				CLANG_WARN_OBJC_ROOT_CLASS = YES_ERROR;
				CLANG_WARN_RANGE_LOOP_ANALYSIS = YES;
				CLANG_WARN_STRICT_PROTOTYPES = YES;
				CLANG_WARN_SUSPICIOUS_MOVE = YES;
				CLANG_WARN_UNREACHABLE_CODE = YES;
				CLANG_WARN__DUPLICATE_METHOD_MATCH = YES;
				"CODE_SIGN_IDENTITY[sdk=iphoneos*]" = "iPhone Developer";
				COPY_PHASE_STRIP = YES;
				ENABLE_NS_ASSERTIONS = NO;
				ENABLE_STRICT_OBJC_MSGSEND = YES;
				GCC_C_LANGUAGE_STANDARD = gnu99;
				GCC_NO_COMMON_BLOCKS = YES;
				GCC_WARN_64_TO_32_BIT_CONVERSION = YES;
				GCC_WARN_ABOUT_RETURN_TYPE = YES_ERROR;
				GCC_WARN_UNDECLARED_SELECTOR = YES;
				GCC_WARN_UNINITIALIZED_AUTOS = YES_AGGRESSIVE;
				GCC_WARN_UNUSED_FUNCTION = YES;
				GCC_WARN_UNUSED_VARIABLE = YES;
				IPHONEOS_DEPLOYMENT_TARGET = 9.0;
				LIBRARY_SEARCH_PATHS = /Users/anooj/openssl_ios/lib;
				MTL_ENABLE_DEBUG_INFO = NO;
				SDKROOT = iphoneos;
				USER_HEADER_SEARCH_PATHS = /Users/anooj/openssl_ios/include;
				VALIDATE_PRODUCT = YES;
			};
			name = Release;
		};
/* End XCBuildConfiguration section */

/* Begin XCConfigurationList section */
		13B07F931A680F5B00A75B9A /* Build configuration list for PBXNativeTarget "WalletRetailUser" */ = {
			isa = XCConfigurationList;
			buildConfigurations = (
				13B07F941A680F5B00A75B9A /* Debug */,
				13B07F951A680F5B00A75B9A /* Release */,
			);
			defaultConfigurationIsVisible = 0;
			defaultConfigurationName = Release;
		};
		83CBB9FA1A601CBA00E9B192 /* Build configuration list for PBXProject "WalletRetailUser" */ = {
			isa = XCConfigurationList;
			buildConfigurations = (
				83CBBA201A601CBA00E9B192 /* Debug */,
				83CBBA211A601CBA00E9B192 /* Release */,
			);
			defaultConfigurationIsVisible = 0;
			defaultConfigurationName = Release;
		};
/* End XCConfigurationList section */
	};
	rootObject = 83CBB9F71A601CBA00E9B192 /* Project object */;
}
